
Microsoft Visual Studio Solution File, Format Version 12.00
# Visual Studio Version 16
VisualStudioVersion = 16.0.30114.105
MinimumVisualStudioVersion = 10.0.40219.1
Project("{FAE04EC0-301F-11D3-BF4B-00C04F79EFBC}") = "hues.Game.Resources", "hues.Game.Resources\hues.Game.Resources.csproj", "{161C32EE-7F3A-4E44-AA62-7BB58B439D24}"
EndProject
Project("{FAE04EC0-301F-11D3-BF4B-00C04F79EFBC}") = "hues.Game", "hues.Game\hues.Game.csproj", "{5C8B7133-FBE3-4071-9E8C-BF90CD5B97CF}"
EndProject
Project("{FAE04EC0-301F-11D3-BF4B-00C04F79EFBC}") = "hues.Game.Tests", "hues.Game.Tests\hues.Game.Tests.csproj", "{458F9FFB-2449-49FF-9022-057559039712}"
EndProject
Project("{FAE04EC0-301F-11D3-BF4B-00C04F79EFBC}") = "hues.Desktop", "hues.Desktop\hues.Desktop.csproj", "{FA875695-0D98-4F57-8890-E02B66480DDF}"
EndProject
Global
	GlobalSection(SolutionConfigurationPlatforms) = preSolution
		Debug|Any CPU = Debug|Any CPU
		Debug|x64 = Debug|x64
		Debug|x86 = Debug|x86
		Release|Any CPU = Release|Any CPU
		Release|x64 = Release|x64
		Release|x86 = Release|x86
	EndGlobalSection
	GlobalSection(SolutionProperties) = preSolution
		HideSolutionNode = FALSE
	EndGlobalSection
	GlobalSection(ProjectConfigurationPlatforms) = postSolution
		{161C32EE-7F3A-4E44-AA62-7BB58B439D24}.Debug|Any CPU.ActiveCfg = Debug|Any CPU
		{161C32EE-7F3A-4E44-AA62-7BB58B439D24}.Debug|Any CPU.Build.0 = Debug|Any CPU
		{161C32EE-7F3A-4E44-AA62-7BB58B439D24}.Debug|x64.ActiveCfg = Debug|Any CPU
		{161C32EE-7F3A-4E44-AA62-7BB58B439D24}.Debug|x64.Build.0 = Debug|Any CPU
		{161C32EE-7F3A-4E44-AA62-7BB58B439D24}.Debug|x86.ActiveCfg = Debug|Any CPU
		{161C32EE-7F3A-4E44-AA62-7BB58B439D24}.Debug|x86.Build.0 = Debug|Any CPU
		{161C32EE-7F3A-4E44-AA62-7BB58B439D24}.Release|Any CPU.ActiveCfg = Release|Any CPU
		{161C32EE-7F3A-4E44-AA62-7BB58B439D24}.Release|Any CPU.Build.0 = Release|Any CPU
		{161C32EE-7F3A-4E44-AA62-7BB58B439D24}.Release|x64.ActiveCfg = Release|Any CPU
		{161C32EE-7F3A-4E44-AA62-7BB58B439D24}.Release|x64.Build.0 = Release|Any CPU
		{161C32EE-7F3A-4E44-AA62-7BB58B439D24}.Release|x86.ActiveCfg = Release|Any CPU
		{161C32EE-7F3A-4E44-AA62-7BB58B439D24}.Release|x86.Build.0 = Release|Any CPU
		{5C8B7133-FBE3-4071-9E8C-BF90CD5B97CF}.Debug|Any CPU.ActiveCfg = Debug|Any CPU
		{5C8B7133-FBE3-4071-9E8C-BF90CD5B97CF}.Debug|Any CPU.Build.0 = Debug|Any CPU
		{5C8B7133-FBE3-4071-9E8C-BF90CD5B97CF}.Debug|x64.ActiveCfg = Debug|Any CPU
		{5C8B7133-FBE3-4071-9E8C-BF90CD5B97CF}.Debug|x64.Build.0 = Debug|Any CPU
		{5C8B7133-FBE3-4071-9E8C-BF90CD5B97CF}.Debug|x86.ActiveCfg = Debug|Any CPU
		{5C8B7133-FBE3-4071-9E8C-BF90CD5B97CF}.Debug|x86.Build.0 = Debug|Any CPU
		{5C8B7133-FBE3-4071-9E8C-BF90CD5B97CF}.Release|Any CPU.ActiveCfg = Release|Any CPU
		{5C8B7133-FBE3-4071-9E8C-BF90CD5B97CF}.Release|Any CPU.Build.0 = Release|Any CPU
		{5C8B7133-FBE3-4071-9E8C-BF90CD5B97CF}.Release|x64.ActiveCfg = Release|Any CPU
		{5C8B7133-FBE3-4071-9E8C-BF90CD5B97CF}.Release|x64.Build.0 = Release|Any CPU
		{5C8B7133-FBE3-4071-9E8C-BF90CD5B97CF}.Release|x86.ActiveCfg = Release|Any CPU
		{5C8B7133-FBE3-4071-9E8C-BF90CD5B97CF}.Release|x86.Build.0 = Release|Any CPU
		{458F9FFB-2449-49FF-9022-057559039712}.Debug|Any CPU.ActiveCfg = Debug|Any CPU
		{458F9FFB-2449-49FF-9022-057559039712}.Debug|Any CPU.Build.0 = Debug|Any CPU
		{458F9FFB-2449-49FF-9022-057559039712}.Debug|x64.ActiveCfg = Debug|Any CPU
		{458F9FFB-2449-49FF-9022-057559039712}.Debug|x64.Build.0 = Debug|Any CPU
		{458F9FFB-2449-49FF-9022-057559039712}.Debug|x86.ActiveCfg = Debug|Any CPU
		{458F9FFB-2449-49FF-9022-057559039712}.Debug|x86.Build.0 = Debug|Any CPU
		{458F9FFB-2449-49FF-9022-057559039712}.Release|Any CPU.ActiveCfg = Release|Any CPU
		{458F9FFB-2449-49FF-9022-057559039712}.Release|Any CPU.Build.0 = Release|Any CPU
		{458F9FFB-2449-49FF-9022-057559039712}.Release|x64.ActiveCfg = Release|Any CPU
		{458F9FFB-2449-49FF-9022-057559039712}.Release|x64.Build.0 = Release|Any CPU
		{458F9FFB-2449-49FF-9022-057559039712}.Release|x86.ActiveCfg = Release|Any CPU
		{458F9FFB-2449-49FF-9022-057559039712}.Release|x86.Build.0 = Release|Any CPU
		{FA875695-0D98-4F57-8890-E02B66480DDF}.Debug|Any CPU.ActiveCfg = Debug|Any CPU
		{FA875695-0D98-4F57-8890-E02B66480DDF}.Debug|Any CPU.Build.0 = Debug|Any CPU
		{FA875695-0D98-4F57-8890-E02B66480DDF}.Debug|x64.ActiveCfg = Debug|Any CPU
		{FA875695-0D98-4F57-8890-E02B66480DDF}.Debug|x64.Build.0 = Debug|Any CPU
		{FA875695-0D98-4F57-8890-E02B66480DDF}.Debug|x86.ActiveCfg = Debug|Any CPU
		{FA875695-0D98-4F57-8890-E02B66480DDF}.Debug|x86.Build.0 = Debug|Any CPU
		{FA875695-0D98-4F57-8890-E02B66480DDF}.Release|Any CPU.ActiveCfg = Release|Any CPU
		{FA875695-0D98-4F57-8890-E02B66480DDF}.Release|Any CPU.Build.0 = Release|Any CPU
		{FA875695-0D98-4F57-8890-E02B66480DDF}.Release|x64.ActiveCfg = Release|Any CPU
		{FA875695-0D98-4F57-8890-E02B66480DDF}.Release|x64.Build.0 = Release|Any CPU
		{FA875695-0D98-4F57-8890-E02B66480DDF}.Release|x86.ActiveCfg = Release|Any CPU
		{FA875695-0D98-4F57-8890-E02B66480DDF}.Release|x86.Build.0 = Release|Any CPU
	EndGlobalSection
EndGlobal
